
Microsoft Visual Studio Solution File, Format Version 12.00
# Visual Studio 15
VisualStudioVersion = 15.0.27004.2009
MinimumVisualStudioVersion = 10.0.40219.1
Project("{FAE04EC0-301F-11D3-BF4B-00C04F79EFBC}") = "SizeOfSkuDictionary", "SizeOfSkuDictionary\SizeOfSkuDictionary.csproj", "{66A9C34D-94F8-4C90-97C4-847CD0B45F0B}"
EndProject
Global
	GlobalSection(SolutionConfigurationPlatforms) = preSolution
		Debug|Any CPU = Debug|Any CPU
		Release|Any CPU = Release|Any CPU
	EndGlobalSection
	GlobalSection(ProjectConfigurationPlatforms) = postSolution
		{66A9C34D-94F8-4C90-97C4-847CD0B45F0B}.Debug|Any CPU.ActiveCfg = Debug|Any CPU
		{66A9C34D-94F8-4C90-97C4-847CD0B45F0B}.Debug|Any CPU.Build.0 = Debug|Any CPU
		{66A9C34D-94F8-4C90-97C4-847CD0B45F0B}.Release|Any CPU.ActiveCfg = Release|Any CPU
		{66A9C34D-94F8-4C90-97C4-847CD0B45F0B}.Release|Any CPU.Build.0 = Release|Any CPU
	EndGlobalSection
	GlobalSection(SolutionProperties) = preSolution
		HideSolutionNode = FALSE
	EndGlobalSection
	GlobalSection(ExtensibilityGlobals) = postSolution
		SolutionGuid = {A1A54D30-49D4-4E4D-B78A-83D8B1E6558A}
	EndGlobalSection
EndGlobal
